
Microsoft Visual Studio Solution File, Format Version 12.00
# Visual Studio 2013
VisualStudioVersion = 12.0.30501.0
MinimumVisualStudioVersion = 10.0.40219.1
Project("{FAE04EC0-301F-11D3-BF4B-00C04F79EFBC}") = "Airport.Data", "Airport.Data\Airport.Data.csproj", "{69134F38-65DD-4B9D-B89C-EC8FEF2B8401}"
EndProject
Project("{FAE04EC0-301F-11D3-BF4B-00C04F79EFBC}") = "Airport.Model", "Airport.Model\Airport.Model.csproj", "{FF8B3066-B339-4C66-A13B-F9245961DCA9}"
EndProject
Project("{FAE04EC0-301F-11D3-BF4B-00C04F79EFBC}") = "MongoDBController", "MongoDBController\MongoDBController.csproj", "{2F2C50FF-463E-4378-8BC2-EDCF05D0C318}"
EndProject
Project("{FAE04EC0-301F-11D3-BF4B-00C04F79EFBC}") = "ConsoleClient", "ConsoleClient\ConsoleClient.csproj", "{9DD4CB09-65DE-42CB-9463-05CF89865904}"
EndProject
Project("{FAE04EC0-301F-11D3-BF4B-00C04F79EFBC}") = "ZipExcelExtractor", "ZipExcelExtractor\ZipExcelExtractor.csproj", "{06EFE263-7ABD-46EF-97AD-19B48BEBE721}"
EndProject
Project("{FAE04EC0-301F-11D3-BF4B-00C04F79EFBC}") = "PDFReporter", "PDFReporter\PDFReporter.csproj", "{8D0E2C37-7AD2-4D52-9607-BA20A220C936}"
EndProject
Project("{FAE04EC0-301F-11D3-BF4B-00C04F79EFBC}") = "XMLCompanyProfitReporter", "XMLCompanyProfitReporter\XMLCompanyProfitReporter.csproj", "{AE845FAA-07B7-45F9-9927-B71993B7E9C5}"
EndProject
Project("{FAE04EC0-301F-11D3-BF4B-00C04F79EFBC}") = "XMLCompanyProfitReporter.Demo", "XMLCompanyProfitReporter.Demo\XMLCompanyProfitReporter.Demo.csproj", "{05C25B9C-0AD2-4817-A1A8-1BDAAA1077C0}"
EndProject
Project("{FAE04EC0-301F-11D3-BF4B-00C04F79EFBC}") = "JsonReportModel", "JsonReportModel\JsonReportModel.csproj", "{6F9C2621-695C-4BDE-881B-157DCAA75C07}"
EndProject
Project("{FAE04EC0-301F-11D3-BF4B-00C04F79EFBC}") = "JsonReportConsoleClient", "JsonReportConsoleClient\JsonReportConsoleClient.csproj", "{9DA1A00F-AD35-48A6-8DEB-EF95227AAFCB}"
EndProject
Project("{FAE04EC0-301F-11D3-BF4B-00C04F79EFBC}") = "JsonAndMysqlReporter", "JsonAndMysqlReporter\JsonAndMysqlReporter.csproj", "{C3DB29A6-307D-47F7-AD30-1066A6C9003C}"
EndProject
Global
	GlobalSection(SolutionConfigurationPlatforms) = preSolution
		Debug|Any CPU = Debug|Any CPU
		Release|Any CPU = Release|Any CPU
	EndGlobalSection
	GlobalSection(ProjectConfigurationPlatforms) = postSolution
		{69134F38-65DD-4B9D-B89C-EC8FEF2B8401}.Debug|Any CPU.ActiveCfg = Debug|Any CPU
		{69134F38-65DD-4B9D-B89C-EC8FEF2B8401}.Debug|Any CPU.Build.0 = Debug|Any CPU
		{69134F38-65DD-4B9D-B89C-EC8FEF2B8401}.Release|Any CPU.ActiveCfg = Release|Any CPU
		{69134F38-65DD-4B9D-B89C-EC8FEF2B8401}.Release|Any CPU.Build.0 = Release|Any CPU
		{FF8B3066-B339-4C66-A13B-F9245961DCA9}.Debug|Any CPU.ActiveCfg = Debug|Any CPU
		{FF8B3066-B339-4C66-A13B-F9245961DCA9}.Debug|Any CPU.Build.0 = Debug|Any CPU
		{FF8B3066-B339-4C66-A13B-F9245961DCA9}.Release|Any CPU.ActiveCfg = Release|Any CPU
		{FF8B3066-B339-4C66-A13B-F9245961DCA9}.Release|Any CPU.Build.0 = Release|Any CPU
		{2F2C50FF-463E-4378-8BC2-EDCF05D0C318}.Debug|Any CPU.ActiveCfg = Debug|Any CPU
		{2F2C50FF-463E-4378-8BC2-EDCF05D0C318}.Debug|Any CPU.Build.0 = Debug|Any CPU
		{2F2C50FF-463E-4378-8BC2-EDCF05D0C318}.Release|Any CPU.ActiveCfg = Release|Any CPU
		{2F2C50FF-463E-4378-8BC2-EDCF05D0C318}.Release|Any CPU.Build.0 = Release|Any CPU
		{9DD4CB09-65DE-42CB-9463-05CF89865904}.Debug|Any CPU.ActiveCfg = Debug|Any CPU
		{9DD4CB09-65DE-42CB-9463-05CF89865904}.Debug|Any CPU.Build.0 = Debug|Any CPU
		{9DD4CB09-65DE-42CB-9463-05CF89865904}.Release|Any CPU.ActiveCfg = Release|Any CPU
		{9DD4CB09-65DE-42CB-9463-05CF89865904}.Release|Any CPU.Build.0 = Release|Any CPU
		{06EFE263-7ABD-46EF-97AD-19B48BEBE721}.Debug|Any CPU.ActiveCfg = Debug|Any CPU
		{06EFE263-7ABD-46EF-97AD-19B48BEBE721}.Debug|Any CPU.Build.0 = Debug|Any CPU
		{06EFE263-7ABD-46EF-97AD-19B48BEBE721}.Release|Any CPU.ActiveCfg = Release|Any CPU
		{06EFE263-7ABD-46EF-97AD-19B48BEBE721}.Release|Any CPU.Build.0 = Release|Any CPU
		{8D0E2C37-7AD2-4D52-9607-BA20A220C936}.Debug|Any CPU.ActiveCfg = Debug|Any CPU
		{8D0E2C37-7AD2-4D52-9607-BA20A220C936}.Debug|Any CPU.Build.0 = Debug|Any CPU
		{8D0E2C37-7AD2-4D52-9607-BA20A220C936}.Release|Any CPU.ActiveCfg = Release|Any CPU
		{8D0E2C37-7AD2-4D52-9607-BA20A220C936}.Release|Any CPU.Build.0 = Release|Any CPU
		{AE845FAA-07B7-45F9-9927-B71993B7E9C5}.Debug|Any CPU.ActiveCfg = Debug|Any CPU
		{AE845FAA-07B7-45F9-9927-B71993B7E9C5}.Debug|Any CPU.Build.0 = Debug|Any CPU
		{AE845FAA-07B7-45F9-9927-B71993B7E9C5}.Release|Any CPU.ActiveCfg = Release|Any CPU
		{AE845FAA-07B7-45F9-9927-B71993B7E9C5}.Release|Any CPU.Build.0 = Release|Any CPU
		{05C25B9C-0AD2-4817-A1A8-1BDAAA1077C0}.Debug|Any CPU.ActiveCfg = Debug|Any CPU
		{05C25B9C-0AD2-4817-A1A8-1BDAAA1077C0}.Debug|Any CPU.Build.0 = Debug|Any CPU
		{05C25B9C-0AD2-4817-A1A8-1BDAAA1077C0}.Release|Any CPU.ActiveCfg = Release|Any CPU
		{05C25B9C-0AD2-4817-A1A8-1BDAAA1077C0}.Release|Any CPU.Build.0 = Release|Any CPU
		{6F9C2621-695C-4BDE-881B-157DCAA75C07}.Debug|Any CPU.ActiveCfg = Debug|Any CPU
		{6F9C2621-695C-4BDE-881B-157DCAA75C07}.Debug|Any CPU.Build.0 = Debug|Any CPU
		{6F9C2621-695C-4BDE-881B-157DCAA75C07}.Release|Any CPU.ActiveCfg = Release|Any CPU
		{6F9C2621-695C-4BDE-881B-157DCAA75C07}.Release|Any CPU.Build.0 = Release|Any CPU
		{9DA1A00F-AD35-48A6-8DEB-EF95227AAFCB}.Debug|Any CPU.ActiveCfg = Debug|Any CPU
		{9DA1A00F-AD35-48A6-8DEB-EF95227AAFCB}.Debug|Any CPU.Build.0 = Debug|Any CPU
		{9DA1A00F-AD35-48A6-8DEB-EF95227AAFCB}.Release|Any CPU.ActiveCfg = Release|Any CPU
		{9DA1A00F-AD35-48A6-8DEB-EF95227AAFCB}.Release|Any CPU.Build.0 = Release|Any CPU
		{C3DB29A6-307D-47F7-AD30-1066A6C9003C}.Debug|Any CPU.ActiveCfg = Debug|Any CPU
		{C3DB29A6-307D-47F7-AD30-1066A6C9003C}.Debug|Any CPU.Build.0 = Debug|Any CPU
		{C3DB29A6-307D-47F7-AD30-1066A6C9003C}.Release|Any CPU.ActiveCfg = Release|Any CPU
		{C3DB29A6-307D-47F7-AD30-1066A6C9003C}.Release|Any CPU.Build.0 = Release|Any CPU
	EndGlobalSection
	GlobalSection(SolutionProperties) = preSolution
		HideSolutionNode = FALSE
	EndGlobalSection
EndGlobal
